
Microsoft Visual Studio Solution File, Format Version 9.00
# Visual Studio 2005
Project("{8BC9CEB8-8B4A-11D0-8D11-00A0C91BC942}") = "lockfreequeue", "src\lockfreequeue_static.vcproj", "{BF08020E-84A1-4C6D-A616-FB62B340DA32}"
EndProject
Project("{8BC9CEB8-8B4A-11D0-8D11-00A0C91BC942}") = "Test", "Test\Test.vcproj", "{A0484D58-96E6-4BF5-97E7-FD98824B4C7D}"
EndProject
Global
	GlobalSection(SolutionConfigurationPlatforms) = preSolution
		Debug|Win32 = Debug|Win32
		Release|Win32 = Release|Win32
	EndGlobalSection
	GlobalSection(ProjectConfigurationPlatforms) = postSolution
		{BF08020E-84A1-4C6D-A616-FB62B340DA32}.Debug|Win32.ActiveCfg = Debug|Win32
		{BF08020E-84A1-4C6D-A616-FB62B340DA32}.Debug|Win32.Build.0 = Debug|Win32
		{BF08020E-84A1-4C6D-A616-FB62B340DA32}.Release|Win32.ActiveCfg = Release|Win32
		{BF08020E-84A1-4C6D-A616-FB62B340DA32}.Release|Win32.Build.0 = Release|Win32
		{A0484D58-96E6-4BF5-97E7-FD98824B4C7D}.Debug|Win32.ActiveCfg = Debug|Win32
		{A0484D58-96E6-4BF5-97E7-FD98824B4C7D}.Debug|Win32.Build.0 = Debug|Win32
		{A0484D58-96E6-4BF5-97E7-FD98824B4C7D}.Release|Win32.ActiveCfg = Release|Win32
		{A0484D58-96E6-4BF5-97E7-FD98824B4C7D}.Release|Win32.Build.0 = Release|Win32
	EndGlobalSection
	GlobalSection(SolutionProperties) = preSolution
		HideSolutionNode = FALSE
	EndGlobalSection
EndGlobal
